// !$*UTF8*$!
{
	archiveVersion = 1;
	classes = {
	};
	objectVersion = 56;
	objects = {

/* Begin PBXBuildFile section */
		2D9AE6D82BF30A3F00826FB3 /* LandmarksApp.swift in Sources */ = {isa = PBXBuildFile; fileRef = 2D9AE6D72BF30A3F00826FB3 /* LandmarksApp.swift */; };
		2D9AE6DA2BF30A3F00826FB3 /* ContentView.swift in Sources */ = {isa = PBXBuildFile; fileRef = 2D9AE6D92BF30A3F00826FB3 /* ContentView.swift */; };
		2D9AE6DC2BF30A4000826FB3 /* Assets.xcassets in Resources */ = {isa = PBXBuildFile; fileRef = 2D9AE6DB2BF30A4000826FB3 /* Assets.xcassets */; };
		2D9AE6DF2BF30A4000826FB3 /* Preview Assets.xcassets in Resources */ = {isa = PBXBuildFile; fileRef = 2D9AE6DE2BF30A4000826FB3 /* Preview Assets.xcassets */; };
		2D9AE6E62BF33EE700826FB3 /* CircleImage.swift in Sources */ = {isa = PBXBuildFile; fileRef = 2D9AE6E52BF33EE700826FB3 /* CircleImage.swift */; };
		2D9AE6E82BF34A2800826FB3 /* MapView.swift in Sources */ = {isa = PBXBuildFile; fileRef = 2D9AE6E72BF34A2800826FB3 /* MapView.swift */; };
		2D9AE6EA2BF4487100826FB3 /* landmarkData.json in Resources */ = {isa = PBXBuildFile; fileRef = 2D9AE6E92BF4487100826FB3 /* landmarkData.json */; };
		2D9AE6EC2BF4488900826FB3 /* Landmark.swift in Sources */ = {isa = PBXBuildFile; fileRef = 2D9AE6EB2BF4488900826FB3 /* Landmark.swift */; };
		2D9AE6EE2BF4530800826FB3 /* ModelData.swift in Sources */ = {isa = PBXBuildFile; fileRef = 2D9AE6ED2BF4530800826FB3 /* ModelData.swift */; };
		2D9AE6F32BF481BF00826FB3 /* LandmarkRow.swift in Sources */ = {isa = PBXBuildFile; fileRef = 2D9AE6F22BF481BF00826FB3 /* LandmarkRow.swift */; };
		2D9AE6F52BF48F9E00826FB3 /* LandmarkList.swift in Sources */ = {isa = PBXBuildFile; fileRef = 2D9AE6F42BF48F9E00826FB3 /* LandmarkList.swift */; };
		2D9AE6F72BF4935100826FB3 /* LandmarkDetail.swift in Sources */ = {isa = PBXBuildFile; fileRef = 2D9AE6F62BF4935100826FB3 /* LandmarkDetail.swift */; };
		2D9AE6F92BF5DBB800826FB3 /* FavoriteButton.swift in Sources */ = {isa = PBXBuildFile; fileRef = 2D9AE6F82BF5DBB800826FB3 /* FavoriteButton.swift */; };
		2D9AE6FD2BF5EAC300826FB3 /* HexagonParameters.swift in Sources */ = {isa = PBXBuildFile; fileRef = 2D9AE6FC2BF5EAC300826FB3 /* HexagonParameters.swift */; };
		2D9AE6FF2BF5F0E000826FB3 /* BadgeBackground.swift in Sources */ = {isa = PBXBuildFile; fileRef = 2D9AE6FE2BF5F0E000826FB3 /* BadgeBackground.swift */; };
		2D9AE7022BF6018F00826FB3 /* hikeData.json in Resources */ = {isa = PBXBuildFile; fileRef = 2D9AE7012BF6018F00826FB3 /* hikeData.json */; };
		2D9AE7042BF601AE00826FB3 /* Hike.swift in Sources */ = {isa = PBXBuildFile; fileRef = 2D9AE7032BF601AE00826FB3 /* Hike.swift */; };
		2D9AE70A2BF6022700826FB3 /* GraphCapsule.swift in Sources */ = {isa = PBXBuildFile; fileRef = 2D9AE7062BF6022700826FB3 /* GraphCapsule.swift */; };
		2D9AE70B2BF6022700826FB3 /* HikeGraph.swift in Sources */ = {isa = PBXBuildFile; fileRef = 2D9AE7072BF6022700826FB3 /* HikeGraph.swift */; };
		2D9AE70C2BF6022700826FB3 /* HikeDetail.swift in Sources */ = {isa = PBXBuildFile; fileRef = 2D9AE7082BF6022700826FB3 /* HikeDetail.swift */; };
		2D9AE70D2BF6022700826FB3 /* HikeView.swift in Sources */ = {isa = PBXBuildFile; fileRef = 2D9AE7092BF6022700826FB3 /* HikeView.swift */; };
		2D9AE7122BF72E5D00826FB3 /* CategoryHome.swift in Sources */ = {isa = PBXBuildFile; fileRef = 2D9AE7112BF72E5D00826FB3 /* CategoryHome.swift */; };
		2D9AE7142BF734A400826FB3 /* CategoryRow.swift in Sources */ = {isa = PBXBuildFile; fileRef = 2D9AE7132BF734A400826FB3 /* CategoryRow.swift */; };
		2D9AE7162BF7453600826FB3 /* CategoryItem.swift in Sources */ = {isa = PBXBuildFile; fileRef = 2D9AE7152BF7453600826FB3 /* CategoryItem.swift */; };
/* End PBXBuildFile section */

/* Begin PBXFileReference section */
		2D9AE6D42BF30A3F00826FB3 /* Landmarks.app */ = {isa = PBXFileReference; explicitFileType = wrapper.application; includeInIndex = 0; path = Landmarks.app; sourceTree = BUILT_PRODUCTS_DIR; };
		2D9AE6D72BF30A3F00826FB3 /* LandmarksApp.swift */ = {isa = PBXFileReference; lastKnownFileType = sourcecode.swift; path = LandmarksApp.swift; sourceTree = "<group>"; };
		2D9AE6D92BF30A3F00826FB3 /* ContentView.swift */ = {isa = PBXFileReference; lastKnownFileType = sourcecode.swift; path = ContentView.swift; sourceTree = "<group>"; };
		2D9AE6DB2BF30A4000826FB3 /* Assets.xcassets */ = {isa = PBXFileReference; lastKnownFileType = folder.assetcatalog; path = Assets.xcassets; sourceTree = "<group>"; };
		2D9AE6DE2BF30A4000826FB3 /* Preview Assets.xcassets */ = {isa = PBXFileReference; lastKnownFileType = folder.assetcatalog; path = "Preview Assets.xcassets"; sourceTree = "<group>"; };
		2D9AE6E52BF33EE700826FB3 /* CircleImage.swift */ = {isa = PBXFileReference; lastKnownFileType = sourcecode.swift; path = CircleImage.swift; sourceTree = "<group>"; };
		2D9AE6E72BF34A2800826FB3 /* MapView.swift */ = {isa = PBXFileReference; lastKnownFileType = sourcecode.swift; path = MapView.swift; sourceTree = "<group>"; };
		2D9AE6E92BF4487100826FB3 /* landmarkData.json */ = {isa = PBXFileReference; fileEncoding = 4; lastKnownFileType = text.json; path = landmarkData.json; sourceTree = "<group>"; };
		2D9AE6EB2BF4488900826FB3 /* Landmark.swift */ = {isa = PBXFileReference; lastKnownFileType = sourcecode.swift; path = Landmark.swift; sourceTree = "<group>"; };
		2D9AE6ED2BF4530800826FB3 /* ModelData.swift */ = {isa = PBXFileReference; lastKnownFileType = sourcecode.swift; path = ModelData.swift; sourceTree = "<group>"; };
		2D9AE6F22BF481BF00826FB3 /* LandmarkRow.swift */ = {isa = PBXFileReference; lastKnownFileType = sourcecode.swift; path = LandmarkRow.swift; sourceTree = "<group>"; };
		2D9AE6F42BF48F9E00826FB3 /* LandmarkList.swift */ = {isa = PBXFileReference; lastKnownFileType = sourcecode.swift; path = LandmarkList.swift; sourceTree = "<group>"; };
		2D9AE6F62BF4935100826FB3 /* LandmarkDetail.swift */ = {isa = PBXFileReference; lastKnownFileType = sourcecode.swift; path = LandmarkDetail.swift; sourceTree = "<group>"; };
		2D9AE6F82BF5DBB800826FB3 /* FavoriteButton.swift */ = {isa = PBXFileReference; lastKnownFileType = sourcecode.swift; path = FavoriteButton.swift; sourceTree = "<group>"; };
		2D9AE6FC2BF5EAC300826FB3 /* HexagonParameters.swift */ = {isa = PBXFileReference; lastKnownFileType = sourcecode.swift; path = HexagonParameters.swift; sourceTree = "<group>"; };
		2D9AE6FE2BF5F0E000826FB3 /* BadgeBackground.swift */ = {isa = PBXFileReference; lastKnownFileType = sourcecode.swift; path = BadgeBackground.swift; sourceTree = "<group>"; };
		2D9AE7012BF6018F00826FB3 /* hikeData.json */ = {isa = PBXFileReference; fileEncoding = 4; lastKnownFileType = text.json; path = hikeData.json; sourceTree = "<group>"; };
		2D9AE7032BF601AE00826FB3 /* Hike.swift */ = {isa = PBXFileReference; lastKnownFileType = sourcecode.swift; path = Hike.swift; sourceTree = "<group>"; };
		2D9AE7062BF6022700826FB3 /* GraphCapsule.swift */ = {isa = PBXFileReference; fileEncoding = 4; lastKnownFileType = sourcecode.swift; path = GraphCapsule.swift; sourceTree = "<group>"; };
		2D9AE7072BF6022700826FB3 /* HikeGraph.swift */ = {isa = PBXFileReference; fileEncoding = 4; lastKnownFileType = sourcecode.swift; path = HikeGraph.swift; sourceTree = "<group>"; };
		2D9AE7082BF6022700826FB3 /* HikeDetail.swift */ = {isa = PBXFileReference; fileEncoding = 4; lastKnownFileType = sourcecode.swift; path = HikeDetail.swift; sourceTree = "<group>"; };
		2D9AE7092BF6022700826FB3 /* HikeView.swift */ = {isa = PBXFileReference; fileEncoding = 4; lastKnownFileType = sourcecode.swift; path = HikeView.swift; sourceTree = "<group>"; };
		2D9AE7112BF72E5D00826FB3 /* CategoryHome.swift */ = {isa = PBXFileReference; lastKnownFileType = sourcecode.swift; path = CategoryHome.swift; sourceTree = "<group>"; };
		2D9AE7132BF734A400826FB3 /* CategoryRow.swift */ = {isa = PBXFileReference; lastKnownFileType = sourcecode.swift; path = CategoryRow.swift; sourceTree = "<group>"; };
		2D9AE7152BF7453600826FB3 /* CategoryItem.swift */ = {isa = PBXFileReference; lastKnownFileType = sourcecode.swift; path = CategoryItem.swift; sourceTree = "<group>"; };
/* End PBXFileReference section */

/* Begin PBXFrameworksBuildPhase section */
		2D9AE6D12BF30A3F00826FB3 /* Frameworks */ = {
			isa = PBXFrameworksBuildPhase;
			buildActionMask = 2147483647;
			files = (
			);
			runOnlyForDeploymentPostprocessing = 0;
		};
/* End PBXFrameworksBuildPhase section */

/* Begin PBXGroup section */
		2D9AE6CB2BF30A3F00826FB3 = {
			isa = PBXGroup;
			children = (
				2D9AE6D62BF30A3F00826FB3 /* Landmarks */,
				2D9AE6D52BF30A3F00826FB3 /* Products */,
			);
			sourceTree = "<group>";
		};
		2D9AE6D52BF30A3F00826FB3 /* Products */ = {
			isa = PBXGroup;
			children = (
				2D9AE6D42BF30A3F00826FB3 /* Landmarks.app */,
			);
			name = Products;
			sourceTree = "<group>";
		};
		2D9AE6D62BF30A3F00826FB3 /* Landmarks */ = {
			isa = PBXGroup;
			children = (
				2D9AE6D72BF30A3F00826FB3 /* LandmarksApp.swift */,
				2D9AE6EF2BF4537000826FB3 /* Resources */,
				2D9AE6F02BF4538800826FB3 /* Views */,
				2D9AE6F12BF4539E00826FB3 /* Model */,
				2D9AE6FB2BF5EAA000826FB3 /* Drawing */,
				2D9AE7002BF6016400826FB3 /* Animation */,
				2D9AE7102BF72E3C00826FB3 /* Category */,
				2D9AE6DB2BF30A4000826FB3 /* Assets.xcassets */,
				2D9AE6DD2BF30A4000826FB3 /* Preview Content */,
			);
			path = Landmarks;
			sourceTree = "<group>";
		};
		2D9AE6DD2BF30A4000826FB3 /* Preview Content */ = {
			isa = PBXGroup;
			children = (
				2D9AE6DE2BF30A4000826FB3 /* Preview Assets.xcassets */,
			);
			path = "Preview Content";
			sourceTree = "<group>";
		};
		2D9AE6EF2BF4537000826FB3 /* Resources */ = {
			isa = PBXGroup;
			children = (
				2D9AE6E92BF4487100826FB3 /* landmarkData.json */,
			);
			path = Resources;
			sourceTree = "<group>";
		};
		2D9AE6F02BF4538800826FB3 /* Views */ = {
			isa = PBXGroup;
			children = (
				2D9AE6D92BF30A3F00826FB3 /* ContentView.swift */,
				2D9AE6F22BF481BF00826FB3 /* LandmarkRow.swift */,
				2D9AE6F42BF48F9E00826FB3 /* LandmarkList.swift */,
				2D9AE6F62BF4935100826FB3 /* LandmarkDetail.swift */,
				2D9AE6FA2BF5E07E00826FB3 /* Common */,
			);
			path = Views;
			sourceTree = "<group>";
		};
		2D9AE6F12BF4539E00826FB3 /* Model */ = {
			isa = PBXGroup;
			children = (
				2D9AE6EB2BF4488900826FB3 /* Landmark.swift */,
				2D9AE6ED2BF4530800826FB3 /* ModelData.swift */,
			);
			path = Model;
			sourceTree = "<group>";
		};
		2D9AE6FA2BF5E07E00826FB3 /* Common */ = {
			isa = PBXGroup;
			children = (
				2D9AE6E52BF33EE700826FB3 /* CircleImage.swift */,
				2D9AE6E72BF34A2800826FB3 /* MapView.swift */,
				2D9AE6F82BF5DBB800826FB3 /* FavoriteButton.swift */,
			);
			path = Common;
			sourceTree = "<group>";
		};
		2D9AE6FB2BF5EAA000826FB3 /* Drawing */ = {
			isa = PBXGroup;
			children = (
				2D9AE6FC2BF5EAC300826FB3 /* HexagonParameters.swift */,
				2D9AE6FE2BF5F0E000826FB3 /* BadgeBackground.swift */,
			);
			path = Drawing;
			sourceTree = "<group>";
		};
		2D9AE7002BF6016400826FB3 /* Animation */ = {
			isa = PBXGroup;
			children = (
				2D9AE7012BF6018F00826FB3 /* hikeData.json */,
				2D9AE7032BF601AE00826FB3 /* Hike.swift */,
				2D9AE7052BF6022700826FB3 /* Hikes */,
			);
			path = Animation;
			sourceTree = "<group>";
		};
		2D9AE7052BF6022700826FB3 /* Hikes */ = {
			isa = PBXGroup;
			children = (
				2D9AE7062BF6022700826FB3 /* GraphCapsule.swift */,
				2D9AE7072BF6022700826FB3 /* HikeGraph.swift */,
				2D9AE7082BF6022700826FB3 /* HikeDetail.swift */,
				2D9AE7092BF6022700826FB3 /* HikeView.swift */,
			);
			path = Hikes;
			sourceTree = "<group>";
		};
		2D9AE7102BF72E3C00826FB3 /* Category */ = {
			isa = PBXGroup;
			children = (
				2D9AE7112BF72E5D00826FB3 /* CategoryHome.swift */,
				2D9AE7132BF734A400826FB3 /* CategoryRow.swift */,
				2D9AE7152BF7453600826FB3 /* CategoryItem.swift */,
			);
			path = Category;
			sourceTree = "<group>";
		};
/* End PBXGroup section */

/* Begin PBXNativeTarget section */
		2D9AE6D32BF30A3F00826FB3 /* Landmarks */ = {
			isa = PBXNativeTarget;
			buildConfigurationList = 2D9AE6E22BF30A4000826FB3 /* Build configuration list for PBXNativeTarget "Landmarks" */;
			buildPhases = (
				2D9AE6D02BF30A3F00826FB3 /* Sources */,
				2D9AE6D12BF30A3F00826FB3 /* Frameworks */,
				2D9AE6D22BF30A3F00826FB3 /* Resources */,
			);
			buildRules = (
			);
			dependencies = (
			);
			name = Landmarks;
			productName = Landmarks;
			productReference = 2D9AE6D42BF30A3F00826FB3 /* Landmarks.app */;
			productType = "com.apple.product-type.application";
		};
/* End PBXNativeTarget section */

/* Begin PBXProject section */
		2D9AE6CC2BF30A3F00826FB3 /* Project object */ = {
			isa = PBXProject;
			attributes = {
				BuildIndependentTargetsInParallel = 1;
				LastSwiftUpdateCheck = 1510;
				LastUpgradeCheck = 1510;
				TargetAttributes = {
					2D9AE6D32BF30A3F00826FB3 = {
						CreatedOnToolsVersion = 15.1;
					};
				};
			};
			buildConfigurationList = 2D9AE6CF2BF30A3F00826FB3 /* Build configuration list for PBXProject "Landmarks" */;
			compatibilityVersion = "Xcode 14.0";
			developmentRegion = en;
			hasScannedForEncodings = 0;
			knownRegions = (
				en,
				Base,
			);
			mainGroup = 2D9AE6CB2BF30A3F00826FB3;
			productRefGroup = 2D9AE6D52BF30A3F00826FB3 /* Products */;
			projectDirPath = "";
			projectRoot = "";
			targets = (
				2D9AE6D32BF30A3F00826FB3 /* Landmarks */,
			);
		};
/* End PBXProject section */

/* Begin PBXResourcesBuildPhase section */
		2D9AE6D22BF30A3F00826FB3 /* Resources */ = {
			isa = PBXResourcesBuildPhase;
			buildActionMask = 2147483647;
			files = (
				2D9AE7022BF6018F00826FB3 /* hikeData.json in Resources */,
				2D9AE6DF2BF30A4000826FB3 /* Preview Assets.xcassets in Resources */,
				2D9AE6DC2BF30A4000826FB3 /* Assets.xcassets in Resources */,
				2D9AE6EA2BF4487100826FB3 /* landmarkData.json in Resources */,
			);
			runOnlyForDeploymentPostprocessing = 0;
		};
/* End PBXResourcesBuildPhase section */

/* Begin PBXSourcesBuildPhase section */
		2D9AE6D02BF30A3F00826FB3 /* Sources */ = {
			isa = PBXSourcesBuildPhase;
			buildActionMask = 2147483647;
			files = (
				2D9AE6F32BF481BF00826FB3 /* LandmarkRow.swift in Sources */,
				2D9AE6DA2BF30A3F00826FB3 /* ContentView.swift in Sources */,
				2D9AE6E82BF34A2800826FB3 /* MapView.swift in Sources */,
				2D9AE6F92BF5DBB800826FB3 /* FavoriteButton.swift in Sources */,
				2D9AE7042BF601AE00826FB3 /* Hike.swift in Sources */,
				2D9AE70D2BF6022700826FB3 /* HikeView.swift in Sources */,
				2D9AE6FD2BF5EAC300826FB3 /* HexagonParameters.swift in Sources */,
				2D9AE70A2BF6022700826FB3 /* GraphCapsule.swift in Sources */,
				2D9AE6F52BF48F9E00826FB3 /* LandmarkList.swift in Sources */,
				2D9AE6F72BF4935100826FB3 /* LandmarkDetail.swift in Sources */,
				2D9AE7122BF72E5D00826FB3 /* CategoryHome.swift in Sources */,
				2D9AE6FF2BF5F0E000826FB3 /* BadgeBackground.swift in Sources */,
				2D9AE6D82BF30A3F00826FB3 /* LandmarksApp.swift in Sources */,
				2D9AE6EC2BF4488900826FB3 /* Landmark.swift in Sources */,
				2D9AE6E62BF33EE700826FB3 /* CircleImage.swift in Sources */,
				2D9AE70B2BF6022700826FB3 /* HikeGraph.swift in Sources */,
				2D9AE6EE2BF4530800826FB3 /* ModelData.swift in Sources */,
				2D9AE70C2BF6022700826FB3 /* HikeDetail.swift in Sources */,
				2D9AE7162BF7453600826FB3 /* CategoryItem.swift in Sources */,
				2D9AE7142BF734A400826FB3 /* CategoryRow.swift in Sources */,
			);
			runOnlyForDeploymentPostprocessing = 0;
		};
/* End PBXSourcesBuildPhase section */

/* Begin XCBuildConfiguration section */
		2D9AE6E02BF30A4000826FB3 /* Debug */ = {
			isa = XCBuildConfiguration;
			buildSettings = {
				ALWAYS_SEARCH_USER_PATHS = NO;
				ASSETCATALOG_COMPILER_GENERATE_SWIFT_ASSET_SYMBOL_EXTENSIONS = YES;
				CLANG_ANALYZER_NONNULL = YES;
				CLANG_ANALYZER_NUMBER_OBJECT_CONVERSION = YES_AGGRESSIVE;
				CLANG_CXX_LANGUAGE_STANDARD = "gnu++20";
				CLANG_ENABLE_MODULES = YES;
				CLANG_ENABLE_OBJC_ARC = YES;
				CLANG_ENABLE_OBJC_WEAK = YES;
				CLANG_WARN_BLOCK_CAPTURE_AUTORELEASING = YES;
				CLANG_WARN_BOOL_CONVERSION = YES;
				CLANG_WARN_COMMA = YES;
				CLANG_WARN_CONSTANT_CONVERSION = YES;
				CLANG_WARN_DEPRECATED_OBJC_IMPLEMENTATIONS = YES;
				CLANG_WARN_DIRECT_OBJC_ISA_USAGE = YES_ERROR;
				CLANG_WARN_DOCUMENTATION_COMMENTS = YES;
				CLANG_WARN_EMPTY_BODY = YES;
				CLANG_WARN_ENUM_CONVERSION = YES;
				CLANG_WARN_INFINITE_RECURSION = YES;
				CLANG_WARN_INT_CONVERSION = YES;
				CLANG_WARN_NON_LITERAL_NULL_CONVERSION = YES;
				CLANG_WARN_OBJC_IMPLICIT_RETAIN_SELF = YES;
				CLANG_WARN_OBJC_LITERAL_CONVERSION = YES;
				CLANG_WARN_OBJC_ROOT_CLASS = YES_ERROR;
				CLANG_WARN_QUOTED_INCLUDE_IN_FRAMEWORK_HEADER = YES;
				CLANG_WARN_RANGE_LOOP_ANALYSIS = YES;
				CLANG_WARN_STRICT_PROTOTYPES = YES;
				CLANG_WARN_SUSPICIOUS_MOVE = YES;
				CLANG_WARN_UNGUARDED_AVAILABILITY = YES_AGGRESSIVE;
				CLANG_WARN_UNREACHABLE_CODE = YES;
				CLANG_WARN__DUPLICATE_METHOD_MATCH = YES;
				COPY_PHASE_STRIP = NO;
				DEBUG_INFORMATION_FORMAT = dwarf;
				ENABLE_STRICT_OBJC_MSGSEND = YES;
				ENABLE_TESTABILITY = YES;
				ENABLE_USER_SCRIPT_SANDBOXING = YES;
				GCC_C_LANGUAGE_STANDARD = gnu17;
				GCC_DYNAMIC_NO_PIC = NO;
				GCC_NO_COMMON_BLOCKS = YES;
				GCC_OPTIMIZATION_LEVEL = 0;
				GCC_PREPROCESSOR_DEFINITIONS = (
					"DEBUG=1",
					"$(inherited)",
				);
				GCC_WARN_64_TO_32_BIT_CONVERSION = YES;
				GCC_WARN_ABOUT_RETURN_TYPE = YES_ERROR;
				GCC_WARN_UNDECLARED_SELECTOR = YES;
				GCC_WARN_UNINITIALIZED_AUTOS = YES_AGGRESSIVE;
				GCC_WARN_UNUSED_FUNCTION = YES;
				GCC_WARN_UNUSED_VARIABLE = YES;
				IPHONEOS_DEPLOYMENT_TARGET = 17.2;
				LOCALIZATION_PREFERS_STRING_CATALOGS = YES;
				MTL_ENABLE_DEBUG_INFO = INCLUDE_SOURCE;
				MTL_FAST_MATH = YES;
				ONLY_ACTIVE_ARCH = YES;
				SDKROOT = iphoneos;
				SWIFT_ACTIVE_COMPILATION_CONDITIONS = "DEBUG $(inherited)";
				SWIFT_OPTIMIZATION_LEVEL = "-Onone";
			};
			name = Debug;
		};
		2D9AE6E12BF30A4000826FB3 /* Release */ = {
			isa = XCBuildConfiguration;
			buildSettings = {
				ALWAYS_SEARCH_USER_PATHS = NO;
				ASSETCATALOG_COMPILER_GENERATE_SWIFT_ASSET_SYMBOL_EXTENSIONS = YES;
				CLANG_ANALYZER_NONNULL = YES;
				CLANG_ANALYZER_NUMBER_OBJECT_CONVERSION = YES_AGGRESSIVE;
				CLANG_CXX_LANGUAGE_STANDARD = "gnu++20";
				CLANG_ENABLE_MODULES = YES;
				CLANG_ENABLE_OBJC_ARC = YES;
				CLANG_ENABLE_OBJC_WEAK = YES;
				CLANG_WARN_BLOCK_CAPTURE_AUTORELEASING = YES;
				CLANG_WARN_BOOL_CONVERSION = YES;
				CLANG_WARN_COMMA = YES;
				CLANG_WARN_CONSTANT_CONVERSION = YES;
				CLANG_WARN_DEPRECATED_OBJC_IMPLEMENTATIONS = YES;
				CLANG_WARN_DIRECT_OBJC_ISA_USAGE = YES_ERROR;
				CLANG_WARN_DOCUMENTATION_COMMENTS = YES;
				CLANG_WARN_EMPTY_BODY = YES;
				CLANG_WARN_ENUM_CONVERSION = YES;
				CLANG_WARN_INFINITE_RECURSION = YES;
				CLANG_WARN_INT_CONVERSION = YES;
				CLANG_WARN_NON_LITERAL_NULL_CONVERSION = YES;
				CLANG_WARN_OBJC_IMPLICIT_RETAIN_SELF = YES;
				CLANG_WARN_OBJC_LITERAL_CONVERSION = YES;
				CLANG_WARN_OBJC_ROOT_CLASS = YES_ERROR;
				CLANG_WARN_QUOTED_INCLUDE_IN_FRAMEWORK_HEADER = YES;
				CLANG_WARN_RANGE_LOOP_ANALYSIS = YES;
				CLANG_WARN_STRICT_PROTOTYPES = YES;
				CLANG_WARN_SUSPICIOUS_MOVE = YES;
				CLANG_WARN_UNGUARDED_AVAILABILITY = YES_AGGRESSIVE;
				CLANG_WARN_UNREACHABLE_CODE = YES;
				CLANG_WARN__DUPLICATE_METHOD_MATCH = YES;
				COPY_PHASE_STRIP = NO;
				DEBUG_INFORMATION_FORMAT = "dwarf-with-dsym";
				ENABLE_NS_ASSERTIONS = NO;
				ENABLE_STRICT_OBJC_MSGSEND = YES;
				ENABLE_USER_SCRIPT_SANDBOXING = YES;
				GCC_C_LANGUAGE_STANDARD = gnu17;
				GCC_NO_COMMON_BLOCKS = YES;
				GCC_WARN_64_TO_32_BIT_CONVERSION = YES;
				GCC_WARN_ABOUT_RETURN_TYPE = YES_ERROR;
				GCC_WARN_UNDECLARED_SELECTOR = YES;
				GCC_WARN_UNINITIALIZED_AUTOS = YES_AGGRESSIVE;
				GCC_WARN_UNUSED_FUNCTION = YES;
				GCC_WARN_UNUSED_VARIABLE = YES;
				IPHONEOS_DEPLOYMENT_TARGET = 17.2;
				LOCALIZATION_PREFERS_STRING_CATALOGS = YES;
				MTL_ENABLE_DEBUG_INFO = NO;
				MTL_FAST_MATH = YES;
				SDKROOT = iphoneos;
				SWIFT_COMPILATION_MODE = wholemodule;
				VALIDATE_PRODUCT = YES;
			};
			name = Release;
		};
		2D9AE6E32BF30A4000826FB3 /* Debug */ = {
			isa = XCBuildConfiguration;
			buildSettings = {
				ASSETCATALOG_COMPILER_APPICON_NAME = AppIcon;
				ASSETCATALOG_COMPILER_GLOBAL_ACCENT_COLOR_NAME = AccentColor;
				CODE_SIGN_STYLE = Automatic;
				CURRENT_PROJECT_VERSION = 1;
				DEVELOPMENT_ASSET_PATHS = "\"Landmarks/Preview Content\"";
				DEVELOPMENT_TEAM = P2328CN2XE;
				ENABLE_PREVIEWS = YES;
				GENERATE_INFOPLIST_FILE = YES;
				INFOPLIST_KEY_UIApplicationSceneManifest_Generation = YES;
				INFOPLIST_KEY_UIApplicationSupportsIndirectInputEvents = YES;
				INFOPLIST_KEY_UILaunchScreen_Generation = YES;
				INFOPLIST_KEY_UISupportedInterfaceOrientations_iPad = "UIInterfaceOrientationPortrait UIInterfaceOrientationPortraitUpsideDown UIInterfaceOrientationLandscapeLeft UIInterfaceOrientationLandscapeRight";
				INFOPLIST_KEY_UISupportedInterfaceOrientations_iPhone = "UIInterfaceOrientationPortrait UIInterfaceOrientationLandscapeLeft UIInterfaceOrientationLandscapeRight";
				LD_RUNPATH_SEARCH_PATHS = (
					"$(inherited)",
					"@executable_path/Frameworks",
				);
				MARKETING_VERSION = 1.0;
				PRODUCT_BUNDLE_IDENTIFIER = com.personal.Landmarks;
				PRODUCT_NAME = "$(TARGET_NAME)";
				SWIFT_EMIT_LOC_STRINGS = YES;
				SWIFT_VERSION = 5.0;
				TARGETED_DEVICE_FAMILY = "1,2";
			};
			name = Debug;
		};
		2D9AE6E42BF30A4000826FB3 /* Release */ = {
			isa = XCBuildConfiguration;
			buildSettings = {
				ASSETCATALOG_COMPILER_APPICON_NAME = AppIcon;
				ASSETCATALOG_COMPILER_GLOBAL_ACCENT_COLOR_NAME = AccentColor;
				CODE_SIGN_STYLE = Automatic;
				CURRENT_PROJECT_VERSION = 1;
				DEVELOPMENT_ASSET_PATHS = "\"Landmarks/Preview Content\"";
				DEVELOPMENT_TEAM = P2328CN2XE;
				ENABLE_PREVIEWS = YES;
				GENERATE_INFOPLIST_FILE = YES;
				INFOPLIST_KEY_UIApplicationSceneManifest_Generation = YES;
				INFOPLIST_KEY_UIApplicationSupportsIndirectInputEvents = YES;
				INFOPLIST_KEY_UILaunchScreen_Generation = YES;
				INFOPLIST_KEY_UISupportedInterfaceOrientations_iPad = "UIInterfaceOrientationPortrait UIInterfaceOrientationPortraitUpsideDown UIInterfaceOrientationLandscapeLeft UIInterfaceOrientationLandscapeRight";
				INFOPLIST_KEY_UISupportedInterfaceOrientations_iPhone = "UIInterfaceOrientationPortrait UIInterfaceOrientationLandscapeLeft UIInterfaceOrientationLandscapeRight";
				LD_RUNPATH_SEARCH_PATHS = (
					"$(inherited)",
					"@executable_path/Frameworks",
				);
				MARKETING_VERSION = 1.0;
				PRODUCT_BUNDLE_IDENTIFIER = com.personal.Landmarks;
				PRODUCT_NAME = "$(TARGET_NAME)";
				SWIFT_EMIT_LOC_STRINGS = YES;
				SWIFT_VERSION = 5.0;
				TARGETED_DEVICE_FAMILY = "1,2";
			};
			name = Release;
		};
/* End XCBuildConfiguration section */

/* Begin XCConfigurationList section */
		2D9AE6CF2BF30A3F00826FB3 /* Build configuration list for PBXProject "Landmarks" */ = {
			isa = XCConfigurationList;
			buildConfigurations = (
				2D9AE6E02BF30A4000826FB3 /* Debug */,
				2D9AE6E12BF30A4000826FB3 /* Release */,
			);
			defaultConfigurationIsVisible = 0;
			defaultConfigurationName = Release;
		};
		2D9AE6E22BF30A4000826FB3 /* Build configuration list for PBXNativeTarget "Landmarks" */ = {
			isa = XCConfigurationList;
			buildConfigurations = (
				2D9AE6E32BF30A4000826FB3 /* Debug */,
				2D9AE6E42BF30A4000826FB3 /* Release */,
			);
			defaultConfigurationIsVisible = 0;
			defaultConfigurationName = Release;
		};
/* End XCConfigurationList section */
	};
	rootObject = 2D9AE6CC2BF30A3F00826FB3 /* Project object */;
}
